// !$*UTF8*$!
{
	archiveVersion = 1;
	classes = {
	};
	objectVersion = 46;
	objects = {

/* Begin PBXBuildFile section */
		02B671B6D4A415FDC69480BE /* Pods_Codetest.framework in Frameworks */ = {isa = PBXBuildFile; fileRef = 398A09605FAA852AFA6662B6 /* Pods_Codetest.framework */; };
		CF42C1D81F80C8630022A398 /* RepoDetailViewController.swift in Sources */ = {isa = PBXBuildFile; fileRef = CF42C1D71F80C8630022A398 /* RepoDetailViewController.swift */; };
		CF5A497B1F805797008A2897 /* AppDelegate.swift in Sources */ = {isa = PBXBuildFile; fileRef = CF5A497A1F805797008A2897 /* AppDelegate.swift */; };
		CF5A497D1F805797008A2897 /* ViewController.swift in Sources */ = {isa = PBXBuildFile; fileRef = CF5A497C1F805797008A2897 /* ViewController.swift */; };
		CF5A49801F805797008A2897 /* Main.storyboard in Resources */ = {isa = PBXBuildFile; fileRef = CF5A497E1F805797008A2897 /* Main.storyboard */; };
		CF5A49821F805797008A2897 /* Assets.xcassets in Resources */ = {isa = PBXBuildFile; fileRef = CF5A49811F805797008A2897 /* Assets.xcassets */; };
		CF5A49851F805797008A2897 /* LaunchScreen.storyboard in Resources */ = {isa = PBXBuildFile; fileRef = CF5A49831F805797008A2897 /* LaunchScreen.storyboard */; };
		CF5A49901F805797008A2897 /* CodetestTests.swift in Sources */ = {isa = PBXBuildFile; fileRef = CF5A498F1F805797008A2897 /* CodetestTests.swift */; };
/* End PBXBuildFile section */

/* Begin PBXContainerItemProxy section */
		CF5A498C1F805797008A2897 /* PBXContainerItemProxy */ = {
			isa = PBXContainerItemProxy;
			containerPortal = CF5A496F1F805797008A2897 /* Project object */;
			proxyType = 1;
			remoteGlobalIDString = CF5A49761F805797008A2897;
			remoteInfo = Codetest;
		};
/* End PBXContainerItemProxy section */

/* Begin PBXFileReference section */
		00CFC07E026FCE5CB600F779 /* Pods-Codetest.release.xcconfig */ = {isa = PBXFileReference; includeInIndex = 1; lastKnownFileType = text.xcconfig; name = "Pods-Codetest.release.xcconfig"; path = "Pods/Target Support Files/Pods-Codetest/Pods-Codetest.release.xcconfig"; sourceTree = "<group>"; };
		398A09605FAA852AFA6662B6 /* Pods_Codetest.framework */ = {isa = PBXFileReference; explicitFileType = wrapper.framework; includeInIndex = 0; path = Pods_Codetest.framework; sourceTree = BUILT_PRODUCTS_DIR; };
		CF42C1D71F80C8630022A398 /* RepoDetailViewController.swift */ = {isa = PBXFileReference; fileEncoding = 4; lastKnownFileType = sourcecode.swift; path = RepoDetailViewController.swift; sourceTree = "<group>"; };
		CF5A49771F805797008A2897 /* Codetest.app */ = {isa = PBXFileReference; explicitFileType = wrapper.application; includeInIndex = 0; path = Codetest.app; sourceTree = BUILT_PRODUCTS_DIR; };
		CF5A497A1F805797008A2897 /* AppDelegate.swift */ = {isa = PBXFileReference; lastKnownFileType = sourcecode.swift; path = AppDelegate.swift; sourceTree = "<group>"; };
		CF5A497C1F805797008A2897 /* ViewController.swift */ = {isa = PBXFileReference; lastKnownFileType = sourcecode.swift; path = ViewController.swift; sourceTree = "<group>"; };
		CF5A497F1F805797008A2897 /* Base */ = {isa = PBXFileReference; lastKnownFileType = file.storyboard; name = Base; path = Base.lproj/Main.storyboard; sourceTree = "<group>"; };
		CF5A49811F805797008A2897 /* Assets.xcassets */ = {isa = PBXFileReference; lastKnownFileType = folder.assetcatalog; path = Assets.xcassets; sourceTree = "<group>"; };
		CF5A49841F805797008A2897 /* Base */ = {isa = PBXFileReference; lastKnownFileType = file.storyboard; name = Base; path = Base.lproj/LaunchScreen.storyboard; sourceTree = "<group>"; };
		CF5A49861F805797008A2897 /* Info.plist */ = {isa = PBXFileReference; lastKnownFileType = text.plist.xml; path = Info.plist; sourceTree = "<group>"; };
		CF5A498B1F805797008A2897 /* CodetestTests.xctest */ = {isa = PBXFileReference; explicitFileType = wrapper.cfbundle; includeInIndex = 0; path = CodetestTests.xctest; sourceTree = BUILT_PRODUCTS_DIR; };
		CF5A498F1F805797008A2897 /* CodetestTests.swift */ = {isa = PBXFileReference; lastKnownFileType = sourcecode.swift; path = CodetestTests.swift; sourceTree = "<group>"; };
		CF5A49911F805797008A2897 /* Info.plist */ = {isa = PBXFileReference; lastKnownFileType = text.plist.xml; path = Info.plist; sourceTree = "<group>"; };
		F3A7D319986F8208F3F836FA /* Pods-Codetest.debug.xcconfig */ = {isa = PBXFileReference; includeInIndex = 1; lastKnownFileType = text.xcconfig; name = "Pods-Codetest.debug.xcconfig"; path = "Pods/Target Support Files/Pods-Codetest/Pods-Codetest.debug.xcconfig"; sourceTree = "<group>"; };
/* End PBXFileReference section */

/* Begin PBXFrameworksBuildPhase section */
		CF5A49741F805797008A2897 /* Frameworks */ = {
			isa = PBXFrameworksBuildPhase;
			buildActionMask = 2147483647;
			files = (
				02B671B6D4A415FDC69480BE /* Pods_Codetest.framework in Frameworks */,
			);
			runOnlyForDeploymentPostprocessing = 0;
		};
		CF5A49881F805797008A2897 /* Frameworks */ = {
			isa = PBXFrameworksBuildPhase;
			buildActionMask = 2147483647;
			files = (
			);
			runOnlyForDeploymentPostprocessing = 0;
		};
/* End PBXFrameworksBuildPhase section */

/* Begin PBXGroup section */
		91CBC4537706DFD0592E63B4 /* Pods */ = {
			isa = PBXGroup;
			children = (
				F3A7D319986F8208F3F836FA /* Pods-Codetest.debug.xcconfig */,
				00CFC07E026FCE5CB600F779 /* Pods-Codetest.release.xcconfig */,
			);
			name = Pods;
			sourceTree = "<group>";
		};
		A3B49660C2527E0FA200EF46 /* Frameworks */ = {
			isa = PBXGroup;
			children = (
				398A09605FAA852AFA6662B6 /* Pods_Codetest.framework */,
			);
			name = Frameworks;
			sourceTree = "<group>";
		};
		CF5A496E1F805797008A2897 = {
			isa = PBXGroup;
			children = (
				CF5A49791F805797008A2897 /* Codetest */,
				CF5A498E1F805797008A2897 /* CodetestTests */,
				CF5A49781F805797008A2897 /* Products */,
				91CBC4537706DFD0592E63B4 /* Pods */,
				A3B49660C2527E0FA200EF46 /* Frameworks */,
			);
			sourceTree = "<group>";
		};
		CF5A49781F805797008A2897 /* Products */ = {
			isa = PBXGroup;
			children = (
				CF5A49771F805797008A2897 /* Codetest.app */,
				CF5A498B1F805797008A2897 /* CodetestTests.xctest */,
			);
			name = Products;
			sourceTree = "<group>";
		};
		CF5A49791F805797008A2897 /* Codetest */ = {
			isa = PBXGroup;
			children = (
				CF5A497A1F805797008A2897 /* AppDelegate.swift */,
				CF5A497C1F805797008A2897 /* ViewController.swift */,
				CF5A497E1F805797008A2897 /* Main.storyboard */,
				CF5A49811F805797008A2897 /* Assets.xcassets */,
				CF5A49831F805797008A2897 /* LaunchScreen.storyboard */,
				CF5A49861F805797008A2897 /* Info.plist */,
				CF42C1D71F80C8630022A398 /* RepoDetailViewController.swift */,
			);
			path = Codetest;
			sourceTree = "<group>";
		};
		CF5A498E1F805797008A2897 /* CodetestTests */ = {
			isa = PBXGroup;
			children = (
				CF5A498F1F805797008A2897 /* CodetestTests.swift */,
				CF5A49911F805797008A2897 /* Info.plist */,
			);
			path = CodetestTests;
			sourceTree = "<group>";
		};
/* End PBXGroup section */

/* Begin PBXNativeTarget section */
		CF5A49761F805797008A2897 /* Codetest */ = {
			isa = PBXNativeTarget;
			buildConfigurationList = CF5A49941F805797008A2897 /* Build configuration list for PBXNativeTarget "Codetest" */;
			buildPhases = (
				692934AE1BE79EF2D3B1B818 /* [CP] Check Pods Manifest.lock */,
				CF5A49731F805797008A2897 /* Sources */,
				CF5A49741F805797008A2897 /* Frameworks */,
				CF5A49751F805797008A2897 /* Resources */,
				CD8B56204598BA1FA2216FDA /* [CP] Embed Pods Frameworks */,
				A69CAB581FA36912B6353C55 /* [CP] Copy Pods Resources */,
			);
			buildRules = (
			);
			dependencies = (
			);
			name = Codetest;
			productName = Codetest;
			productReference = CF5A49771F805797008A2897 /* Codetest.app */;
			productType = "com.apple.product-type.application";
		};
		CF5A498A1F805797008A2897 /* CodetestTests */ = {
			isa = PBXNativeTarget;
			buildConfigurationList = CF5A49971F805797008A2897 /* Build configuration list for PBXNativeTarget "CodetestTests" */;
			buildPhases = (
				CF5A49871F805797008A2897 /* Sources */,
				CF5A49881F805797008A2897 /* Frameworks */,
				CF5A49891F805797008A2897 /* Resources */,
			);
			buildRules = (
			);
			dependencies = (
				CF5A498D1F805797008A2897 /* PBXTargetDependency */,
			);
			name = CodetestTests;
			productName = CodetestTests;
			productReference = CF5A498B1F805797008A2897 /* CodetestTests.xctest */;
			productType = "com.apple.product-type.bundle.unit-test";
		};
/* End PBXNativeTarget section */

/* Begin PBXProject section */
		CF5A496F1F805797008A2897 /* Project object */ = {
			isa = PBXProject;
			attributes = {
				LastSwiftUpdateCheck = 0830;
				LastUpgradeCheck = 0830;
				ORGANIZATIONNAME = BooBoo;
				TargetAttributes = {
					CF5A49761F805797008A2897 = {
						CreatedOnToolsVersion = 8.3.3;
						ProvisioningStyle = Automatic;
					};
					CF5A498A1F805797008A2897 = {
						CreatedOnToolsVersion = 8.3.3;
						ProvisioningStyle = Automatic;
						TestTargetID = CF5A49761F805797008A2897;
					};
				};
			};
			buildConfigurationList = CF5A49721F805797008A2897 /* Build configuration list for PBXProject "Codetest" */;
			compatibilityVersion = "Xcode 3.2";
			developmentRegion = English;
			hasScannedForEncodings = 0;
			knownRegions = (
				en,
				Base,
			);
			mainGroup = CF5A496E1F805797008A2897;
			productRefGroup = CF5A49781F805797008A2897 /* Products */;
			projectDirPath = "";
			projectRoot = "";
			targets = (
				CF5A49761F805797008A2897 /* Codetest */,
				CF5A498A1F805797008A2897 /* CodetestTests */,
			);
		};
/* End PBXProject section */

/* Begin PBXResourcesBuildPhase section */
		CF5A49751F805797008A2897 /* Resources */ = {
			isa = PBXResourcesBuildPhase;
			buildActionMask = 2147483647;
			files = (
				CF5A49851F805797008A2897 /* LaunchScreen.storyboard in Resources */,
				CF5A49821F805797008A2897 /* Assets.xcassets in Resources */,
				CF5A49801F805797008A2897 /* Main.storyboard in Resources */,
			);
			runOnlyForDeploymentPostprocessing = 0;
		};
		CF5A49891F805797008A2897 /* Resources */ = {
			isa = PBXResourcesBuildPhase;
			buildActionMask = 2147483647;
			files = (
			);
			runOnlyForDeploymentPostprocessing = 0;
		};
/* End PBXResourcesBuildPhase section */

/* Begin PBXShellScriptBuildPhase section */
		692934AE1BE79EF2D3B1B818 /* [CP] Check Pods Manifest.lock */ = {
			isa = PBXShellScriptBuildPhase;
			buildActionMask = 2147483647;
			files = (
			);
			inputPaths = (
				"${PODS_PODFILE_DIR_PATH}/Podfile.lock",
				"${PODS_ROOT}/Manifest.lock",
			);
			name = "[CP] Check Pods Manifest.lock";
			outputPaths = (
				"$(DERIVED_FILE_DIR)/Pods-Codetest-checkManifestLockResult.txt",
			);
			runOnlyForDeploymentPostprocessing = 0;
			shellPath = /bin/sh;
			shellScript = "diff \"${PODS_PODFILE_DIR_PATH}/Podfile.lock\" \"${PODS_ROOT}/Manifest.lock\" > /dev/null\nif [ $? != 0 ] ; then\n    # print error to STDERR\n    echo \"error: The sandbox is not in sync with the Podfile.lock. Run 'pod install' or update your CocoaPods installation.\" >&2\n    exit 1\nfi\n# This output is used by Xcode 'outputs' to avoid re-running this script phase.\necho \"SUCCESS\" > \"${SCRIPT_OUTPUT_FILE_0}\"\n";
			showEnvVarsInLog = 0;
		};
		A69CAB581FA36912B6353C55 /* [CP] Copy Pods Resources */ = {
			isa = PBXShellScriptBuildPhase;
			buildActionMask = 2147483647;
			files = (
			);
			inputPaths = (
			);
			name = "[CP] Copy Pods Resources";
			outputPaths = (
			);
			runOnlyForDeploymentPostprocessing = 0;
			shellPath = /bin/sh;
			shellScript = "\"${SRCROOT}/Pods/Target Support Files/Pods-Codetest/Pods-Codetest-resources.sh\"\n";
			showEnvVarsInLog = 0;
		};
		CD8B56204598BA1FA2216FDA /* [CP] Embed Pods Frameworks */ = {
			isa = PBXShellScriptBuildPhase;
			buildActionMask = 2147483647;
			files = (
			);
			inputPaths = (
				"${SRCROOT}/Pods/Target Support Files/Pods-Codetest/Pods-Codetest-frameworks.sh",
				"${BUILT_PRODUCTS_DIR}/NBNRequestKit/RequestKit.framework",
				"${BUILT_PRODUCTS_DIR}/OctoKit.swift/Octokit.framework",
			);
			name = "[CP] Embed Pods Frameworks";
			outputPaths = (
				"${TARGET_BUILD_DIR}/${FRAMEWORKS_FOLDER_PATH}/RequestKit.framework",
				"${TARGET_BUILD_DIR}/${FRAMEWORKS_FOLDER_PATH}/Octokit.framework",
			);
			runOnlyForDeploymentPostprocessing = 0;
			shellPath = /bin/sh;
			shellScript = "\"${SRCROOT}/Pods/Target Support Files/Pods-Codetest/Pods-Codetest-frameworks.sh\"\n";
			showEnvVarsInLog = 0;
		};
/* End PBXShellScriptBuildPhase section */

/* Begin PBXSourcesBuildPhase section */
		CF5A49731F805797008A2897 /* Sources */ = {
			isa = PBXSourcesBuildPhase;
			buildActionMask = 2147483647;
			files = (
				CF5A497D1F805797008A2897 /* ViewController.swift in Sources */,
				CF5A497B1F805797008A2897 /* AppDelegate.swift in Sources */,
				CF42C1D81F80C8630022A398 /* RepoDetailViewController.swift in Sources */,
			);
			runOnlyForDeploymentPostprocessing = 0;
		};
		CF5A49871F805797008A2897 /* Sources */ = {
			isa = PBXSourcesBuildPhase;
			buildActionMask = 2147483647;
			files = (
				CF5A49901F805797008A2897 /* CodetestTests.swift in Sources */,
			);
			runOnlyForDeploymentPostprocessing = 0;
		};
/* End PBXSourcesBuildPhase section */

/* Begin PBXTargetDependency section */
		CF5A498D1F805797008A2897 /* PBXTargetDependency */ = {
			isa = PBXTargetDependency;
			target = CF5A49761F805797008A2897 /* Codetest */;
			targetProxy = CF5A498C1F805797008A2897 /* PBXContainerItemProxy */;
		};
/* End PBXTargetDependency section */

/* Begin PBXVariantGroup section */
		CF5A497E1F805797008A2897 /* Main.storyboard */ = {
			isa = PBXVariantGroup;
			children = (
				CF5A497F1F805797008A2897 /* Base */,
			);
			name = Main.storyboard;
			sourceTree = "<group>";
		};
		CF5A49831F805797008A2897 /* LaunchScreen.storyboard */ = {
			isa = PBXVariantGroup;
			children = (
				CF5A49841F805797008A2897 /* Base */,
			);
			name = LaunchScreen.storyboard;
			sourceTree = "<group>";
		};
/* End PBXVariantGroup section */

/* Begin XCBuildConfiguration section */
		CF5A49921F805797008A2897 /* Debug */ = {
			isa = XCBuildConfiguration;
			buildSettings = {
				ALWAYS_SEARCH_USER_PATHS = NO;
				CLANG_ANALYZER_NONNULL = YES;
				CLANG_ANALYZER_NUMBER_OBJECT_CONVERSION = YES_AGGRESSIVE;
				CLANG_CXX_LANGUAGE_STANDARD = "gnu++0x";
				CLANG_CXX_LIBRARY = "libc++";
				CLANG_ENABLE_MODULES = YES;
				CLANG_ENABLE_OBJC_ARC = YES;
				CLANG_WARN_BOOL_CONVERSION = YES;
				CLANG_WARN_CONSTANT_CONVERSION = YES;
				CLANG_WARN_DIRECT_OBJC_ISA_USAGE = YES_ERROR;
				CLANG_WARN_DOCUMENTATION_COMMENTS = YES;
				CLANG_WARN_EMPTY_BODY = YES;
				CLANG_WARN_ENUM_CONVERSION = YES;
				CLANG_WARN_INFINITE_RECURSION = YES;
				CLANG_WARN_INT_CONVERSION = YES;
				CLANG_WARN_OBJC_ROOT_CLASS = YES_ERROR;
				CLANG_WARN_SUSPICIOUS_MOVE = YES;
				CLANG_WARN_UNREACHABLE_CODE = YES;
				CLANG_WARN__DUPLICATE_METHOD_MATCH = YES;
				"CODE_SIGN_IDENTITY[sdk=iphoneos*]" = "iPhone Developer";
				COPY_PHASE_STRIP = NO;
				DEBUG_INFORMATION_FORMAT = dwarf;
				ENABLE_STRICT_OBJC_MSGSEND = YES;
				ENABLE_TESTABILITY = YES;
				GCC_C_LANGUAGE_STANDARD = gnu99;
				GCC_DYNAMIC_NO_PIC = NO;
				GCC_NO_COMMON_BLOCKS = YES;
				GCC_OPTIMIZATION_LEVEL = 0;
				GCC_PREPROCESSOR_DEFINITIONS = (
					"DEBUG=1",
					"$(inherited)",
				);
				GCC_WARN_64_TO_32_BIT_CONVERSION = YES;
				GCC_WARN_ABOUT_RETURN_TYPE = YES_ERROR;
				GCC_WARN_UNDECLARED_SELECTOR = YES;
				GCC_WARN_UNINITIALIZED_AUTOS = YES_AGGRESSIVE;
				GCC_WARN_UNUSED_FUNCTION = YES;
				GCC_WARN_UNUSED_VARIABLE = YES;
				IPHONEOS_DEPLOYMENT_TARGET = 10.3;
				MTL_ENABLE_DEBUG_INFO = YES;
				ONLY_ACTIVE_ARCH = YES;
				SDKROOT = iphoneos;
				SWIFT_ACTIVE_COMPILATION_CONDITIONS = DEBUG;
				SWIFT_OPTIMIZATION_LEVEL = "-Onone";
				TARGETED_DEVICE_FAMILY = "1,2";
			};
			name = Debug;
		};
		CF5A49931F805797008A2897 /* Release */ = {
			isa = XCBuildConfiguration;
			buildSettings = {
				ALWAYS_SEARCH_USER_PATHS = NO;
				CLANG_ANALYZER_NONNULL = YES;
				CLANG_ANALYZER_NUMBER_OBJECT_CONVERSION = YES_AGGRESSIVE;
				CLANG_CXX_LANGUAGE_STANDARD = "gnu++0x";
				CLANG_CXX_LIBRARY = "libc++";
				CLANG_ENABLE_MODULES = YES;
				CLANG_ENABLE_OBJC_ARC = YES;
				CLANG_WARN_BOOL_CONVERSION = YES;
				CLANG_WARN_CONSTANT_CONVERSION = YES;
				CLANG_WARN_DIRECT_OBJC_ISA_USAGE = YES_ERROR;
				CLANG_WARN_DOCUMENTATION_COMMENTS = YES;
				CLANG_WARN_EMPTY_BODY = YES;
				CLANG_WARN_ENUM_CONVERSION = YES;
				CLANG_WARN_INFINITE_RECURSION = YES;
				CLANG_WARN_INT_CONVERSION = YES;
				CLANG_WARN_OBJC_ROOT_CLASS = YES_ERROR;
				CLANG_WARN_SUSPICIOUS_MOVE = YES;
				CLANG_WARN_UNREACHABLE_CODE = YES;
				CLANG_WARN__DUPLICATE_METHOD_MATCH = YES;
				"CODE_SIGN_IDENTITY[sdk=iphoneos*]" = "iPhone Developer";
				COPY_PHASE_STRIP = NO;
				DEBUG_INFORMATION_FORMAT = "dwarf-with-dsym";
				ENABLE_NS_ASSERTIONS = NO;
				ENABLE_STRICT_OBJC_MSGSEND = YES;
				GCC_C_LANGUAGE_STANDARD = gnu99;
				GCC_NO_COMMON_BLOCKS = YES;
				GCC_WARN_64_TO_32_BIT_CONVERSION = YES;
				GCC_WARN_ABOUT_RETURN_TYPE = YES_ERROR;
				GCC_WARN_UNDECLARED_SELECTOR = YES;
				GCC_WARN_UNINITIALIZED_AUTOS = YES_AGGRESSIVE;
				GCC_WARN_UNUSED_FUNCTION = YES;
				GCC_WARN_UNUSED_VARIABLE = YES;
				IPHONEOS_DEPLOYMENT_TARGET = 10.3;
				MTL_ENABLE_DEBUG_INFO = NO;
				SDKROOT = iphoneos;
				SWIFT_OPTIMIZATION_LEVEL = "-Owholemodule";
				TARGETED_DEVICE_FAMILY = "1,2";
				VALIDATE_PRODUCT = YES;
			};
			name = Release;
		};
		CF5A49951F805797008A2897 /* Debug */ = {
			isa = XCBuildConfiguration;
			baseConfigurationReference = F3A7D319986F8208F3F836FA /* Pods-Codetest.debug.xcconfig */;
			buildSettings = {
				ASSETCATALOG_COMPILER_APPICON_NAME = AppIcon;
				INFOPLIST_FILE = Codetest/Info.plist;
				LD_RUNPATH_SEARCH_PATHS = "$(inherited) @executable_path/Frameworks";
				PRODUCT_BUNDLE_IDENTIFIER = BooBoo.Codetest;
				PRODUCT_NAME = "$(TARGET_NAME)";
				SWIFT_VERSION = 3.0;
			};
			name = Debug;
		};
		CF5A49961F805797008A2897 /* Release */ = {
			isa = XCBuildConfiguration;
			baseConfigurationReference = 00CFC07E026FCE5CB600F779 /* Pods-Codetest.release.xcconfig */;
			buildSettings = {
				ASSETCATALOG_COMPILER_APPICON_NAME = AppIcon;
				INFOPLIST_FILE = Codetest/Info.plist;
				LD_RUNPATH_SEARCH_PATHS = "$(inherited) @executable_path/Frameworks";
				PRODUCT_BUNDLE_IDENTIFIER = BooBoo.Codetest;
				PRODUCT_NAME = "$(TARGET_NAME)";
				SWIFT_VERSION = 3.0;
			};
			name = Release;
		};
		CF5A49981F805797008A2897 /* Debug */ = {
			isa = XCBuildConfiguration;
			buildSettings = {
				ALWAYS_EMBED_SWIFT_STANDARD_LIBRARIES = YES;
				BUNDLE_LOADER = "$(TEST_HOST)";
				INFOPLIST_FILE = CodetestTests/Info.plist;
				LD_RUNPATH_SEARCH_PATHS = "$(inherited) @executable_path/Frameworks @loader_path/Frameworks";
				PRODUCT_BUNDLE_IDENTIFIER = BooBoo.CodetestTests;
				PRODUCT_NAME = "$(TARGET_NAME)";
				SWIFT_VERSION = 3.0;
				TEST_HOST = "$(BUILT_PRODUCTS_DIR)/Codetest.app/Codetest";
			};
			name = Debug;
		};
		CF5A49991F805797008A2897 /* Release */ = {
			isa = XCBuildConfiguration;
			buildSettings = {
				ALWAYS_EMBED_SWIFT_STANDARD_LIBRARIES = YES;
				BUNDLE_LOADER = "$(TEST_HOST)";
				INFOPLIST_FILE = CodetestTests/Info.plist;
				LD_RUNPATH_SEARCH_PATHS = "$(inherited) @executable_path/Frameworks @loader_path/Frameworks";
				PRODUCT_BUNDLE_IDENTIFIER = BooBoo.CodetestTests;
				PRODUCT_NAME = "$(TARGET_NAME)";
				SWIFT_VERSION = 3.0;
				TEST_HOST = "$(BUILT_PRODUCTS_DIR)/Codetest.app/Codetest";
			};
			name = Release;
		};
/* End XCBuildConfiguration section */

/* Begin XCConfigurationList section */
		CF5A49721F805797008A2897 /* Build configuration list for PBXProject "Codetest" */ = {
			isa = XCConfigurationList;
			buildConfigurations = (
				CF5A49921F805797008A2897 /* Debug */,
				CF5A49931F805797008A2897 /* Release */,
			);
			defaultConfigurationIsVisible = 0;
			defaultConfigurationName = Release;
		};
		CF5A49941F805797008A2897 /* Build configuration list for PBXNativeTarget "Codetest" */ = {
			isa = XCConfigurationList;
			buildConfigurations = (
				CF5A49951F805797008A2897 /* Debug */,
				CF5A49961F805797008A2897 /* Release */,
			);
			defaultConfigurationIsVisible = 0;
			defaultConfigurationName = Release;
		};
		CF5A49971F805797008A2897 /* Build configuration list for PBXNativeTarget "CodetestTests" */ = {
			isa = XCConfigurationList;
			buildConfigurations = (
				CF5A49981F805797008A2897 /* Debug */,
				CF5A49991F805797008A2897 /* Release */,
			);
			defaultConfigurationIsVisible = 0;
			defaultConfigurationName = Release;
		};
/* End XCConfigurationList section */
	};
	rootObject = CF5A496F1F805797008A2897 /* Project object */;
}
